<?xml version="1.0" encoding="utf-8"?>
<Project ToolsVersion="4.0" xmlns="http://schemas.microsoft.com/developer/msbuild/2003">
  <ItemGroup>
    <Filter Include="ソースファイル">
      <UniqueIdentifier>{c4318cf0-7aa4-43a4-a70f-a2926ac52525}</UniqueIdentifier>
    </Filter>
    <Filter Include="ヘッダーファイル">
      <UniqueIdentifier>{0cda37af-d9c9-409b-a8b4-50a799b4e552}</UniqueIdentifier>
    </Filter>
    <Filter Include="Shader">
      <UniqueIdentifier>{3502162c-944c-4403-9663-e77a4278663d}</UniqueIdentifier>
    </Filter>
    <Filter Include="ソースファイル\Engine">
      <UniqueIdentifier>{ecf378af-ef5f-459c-96c3-5a7ff63ac010}</UniqueIdentifier>
    </Filter>
    <Filter Include="ソースファイル\Engine\game">
      <UniqueIdentifier>{3c03d5d5-b370-4c16-a722-c40d286713c5}</UniqueIdentifier>
    </Filter>
    <Filter Include="ソースファイル\Engine\game\cpp">
      <UniqueIdentifier>{e282dd45-3039-4328-bd4d-7c142c7ba870}</UniqueIdentifier>
    </Filter>
    <Filter Include="ソースファイル\Engine\game\cpp\Util">
      <UniqueIdentifier>{f9a13c53-ead2-49ff-9e15-04581da6cc9c}</UniqueIdentifier>
    </Filter>
    <Filter Include="ソースファイル\Engine\game\cpp\Core">
      <UniqueIdentifier>{e58192cf-1c0e-44b2-a723-049e758422dd}</UniqueIdentifier>
    </Filter>
    <Filter Include="ソースファイル\Engine\game\cpp\Core\Audio">
      <UniqueIdentifier>{0a98a2b8-d16e-44e4-b597-a44430b57620}</UniqueIdentifier>
    </Filter>
    <Filter Include="ソースファイル\Engine\game\cpp\Scene">
      <UniqueIdentifier>{c21cdedd-f5a3-4851-9d5b-bde61660f5f9}</UniqueIdentifier>
    </Filter>
    <Filter Include="ソースファイル\Engine\game\cpp\Core\Time">
      <UniqueIdentifier>{e661a952-a25b-44ad-97f0-8d4e896f881f}</UniqueIdentifier>
    </Filter>
    <Filter Include="ソースファイル\Engine\game\cpp\UI">
      <UniqueIdentifier>{9afa3876-b9e5-4f08-9c37-fe73a701af5d}</UniqueIdentifier>
    </Filter>
    <Filter Include="ソースファイル\Engine\game\cpp\Collision">
      <UniqueIdentifier>{9792e716-a796-45bb-bec1-7ec4a5a03892}</UniqueIdentifier>
    </Filter>
    <Filter Include="ソースファイル\Engine\game\cpp\Core\App">
      <UniqueIdentifier>{8dd14536-b36c-492d-b3b0-536138998540}</UniqueIdentifier>
    </Filter>
    <Filter Include="ソースファイル\Engine\game\cpp\Core\Object">
      <UniqueIdentifier>{28463dcc-8440-4df3-ac15-a227c9811c98}</UniqueIdentifier>
    </Filter>
    <Filter Include="ソースファイル\Engine\game\cpp\Effect">
      <UniqueIdentifier>{95980158-fc73-456b-b2e4-f0c67feec7ea}</UniqueIdentifier>
    </Filter>
    <Filter Include="ソースファイル\Engine\game\cpp\Player">
      <UniqueIdentifier>{654a610e-501d-4b86-a36b-45f160e9fcb8}</UniqueIdentifier>
    </Filter>
    <Filter Include="ソースファイル\Engine\game\cpp\Level">
      <UniqueIdentifier>{0f0b60e6-f031-41d2-9ea7-9185da962ee0}</UniqueIdentifier>
    </Filter>
    <Filter Include="ソースファイル\Engine\game\cpp\Core\Lighting">
      <UniqueIdentifier>{badcb3a8-c38d-4cc0-a047-bb55a6bc6cf6}</UniqueIdentifier>
    </Filter>
    <Filter Include="ソースファイル\Engine\graphics">
      <UniqueIdentifier>{988a75b0-5bc6-4395-8012-986fb4c261fd}</UniqueIdentifier>
    </Filter>
    <Filter Include="ソースファイル\Engine\graphics\cpp">
      <UniqueIdentifier>{c92f2b6e-5e8b-42aa-b95b-62c8e22246be}</UniqueIdentifier>
    </Filter>
    <Filter Include="ソースファイル\Engine\graphics\cpp\Camera">
      <UniqueIdentifier>{f12c9902-d814-4194-943d-6f4b0f232762}</UniqueIdentifier>
    </Filter>
    <Filter Include="ソースファイル\Engine\game\cpp\Core\Device">
      <UniqueIdentifier>{b3172e02-ba5d-470a-b98f-07f19b14b066}</UniqueIdentifier>
    </Filter>
    <Filter Include="ソースファイル\Engine\game\cpp\Core\Window">
      <UniqueIdentifier>{6d766bdf-847f-4dae-aa9b-bd711a3f14cb}</UniqueIdentifier>
    </Filter>
    <Filter Include="ソースファイル\Engine\graphics\cpp\DebugSystem">
      <UniqueIdentifier>{9a7fb991-b1d0-4f50-9892-ea39eacabad1}</UniqueIdentifier>
    </Filter>
    <Filter Include="ソースファイル\Engine\graphics\cpp\Effect">
      <UniqueIdentifier>{3993aee9-5695-4a12-90f1-5001cca23843}</UniqueIdentifier>
    </Filter>
    <Filter Include="ソースファイル\Engine\graphics\cpp\ImGui">
      <UniqueIdentifier>{7fa452fa-7b3e-490c-b51b-ff04b1e85ea7}</UniqueIdentifier>
    </Filter>
    <Filter Include="ソースファイル\Engine\graphics\cpp\Light">
      <UniqueIdentifier>{08191e30-33c3-4378-b42c-b9327fa85681}</UniqueIdentifier>
    </Filter>
    <Filter Include="ソースファイル\Engine\graphics\cpp\3D">
      <UniqueIdentifier>{cf963ea2-05a8-486a-ba05-36f91530bd8d}</UniqueIdentifier>
    </Filter>
    <Filter Include="ソースファイル\Engine\graphics\cpp\Manager">
      <UniqueIdentifier>{8047d0d3-c0bb-4588-abbe-36c668e24f3e}</UniqueIdentifier>
    </Filter>
    <Filter Include="ソースファイル\Engine\base">
      <UniqueIdentifier>{8b236fff-1c7d-40d8-9abc-945b755f7b05}</UniqueIdentifier>
    </Filter>
    <Filter Include="ソースファイル\Engine\game\cpp\Core\Input">
      <UniqueIdentifier>{6c6d1365-f4a1-481a-8caf-be8beef123c9}</UniqueIdentifier>
    </Filter>
    <Filter Include="ソースファイル\Engine\graphics\cpp\Skeleton">
      <UniqueIdentifier>{b877ce79-f5df-48cd-8699-7fe4e5a5d661}</UniqueIdentifier>
    </Filter>
    <Filter Include="ソースファイル\Engine\graphics\cpp\2D">
      <UniqueIdentifier>{f71d58d1-a1ac-4458-806c-c68ae2d66374}</UniqueIdentifier>
    </Filter>
    <Filter Include="ソースファイル\Engine\graphics\cpp\Particle">
      <UniqueIdentifier>{262020b2-81ae-4129-8fb8-da482904fac4}</UniqueIdentifier>
    </Filter>
    <Filter Include="ソースファイル\Engine\graphics\cpp\Offscreen">
      <UniqueIdentifier>{723758f1-49ec-4787-aa59-f9274e2732ac}</UniqueIdentifier>
    </Filter>
    <Filter Include="ヘッダーファイル\Engine">
      <UniqueIdentifier>{090bbea6-ca3f-42e6-9615-b3fa3f02dada}</UniqueIdentifier>
    </Filter>
    <Filter Include="ヘッダーファイル\Engine\game">
      <UniqueIdentifier>{9112652d-740d-466f-a15e-bc8679f7ca6d}</UniqueIdentifier>
    </Filter>
    <Filter Include="ヘッダーファイル\Engine\game\h">
      <UniqueIdentifier>{3be63266-9107-4281-9a59-cd8408dd455b}</UniqueIdentifier>
    </Filter>
    <Filter Include="ヘッダーファイル\Engine\game\h\Scene">
      <UniqueIdentifier>{4c328578-de67-459c-ae54-d702b9e3a1b1}</UniqueIdentifier>
    </Filter>
    <Filter Include="ヘッダーファイル\Engine\game\h\Util">
      <UniqueIdentifier>{959fb81d-b268-499c-a83e-e8f1bb2fdcd3}</UniqueIdentifier>
    </Filter>
    <Filter Include="ヘッダーファイル\Engine\game\h\Core">
      <UniqueIdentifier>{839d2ccb-1b95-4dad-afa4-d3cc6cac794b}</UniqueIdentifier>
    </Filter>
    <Filter Include="ヘッダーファイル\Engine\game\h\Core\Audio">
      <UniqueIdentifier>{a23b6d61-8b75-4502-afd7-f5526a0bfb2e}</UniqueIdentifier>
    </Filter>
    <Filter Include="ヘッダーファイル\Engine\game\h\Collision">
      <UniqueIdentifier>{faa21ec4-3401-4dc8-8019-34e4c9a0dd6c}</UniqueIdentifier>
    </Filter>
    <Filter Include="ヘッダーファイル\Engine\game\h\Core\App">
      <UniqueIdentifier>{396c4397-dd71-4732-9c60-714df3d0b63d}</UniqueIdentifier>
    </Filter>
    <Filter Include="ヘッダーファイル\Engine\game\h\Core\Object">
      <UniqueIdentifier>{0fc60263-165d-4eee-a227-b692ddfbf328}</UniqueIdentifier>
    </Filter>
    <Filter Include="ヘッダーファイル\Engine\game\h\Effect">
      <UniqueIdentifier>{8e712611-780c-4cf7-9ae9-ecdf2e1e5f2a}</UniqueIdentifier>
    </Filter>
    <Filter Include="ヘッダーファイル\Engine\game\h\Player">
      <UniqueIdentifier>{1020a505-c3af-4880-8cb2-73cc4b7f53e2}</UniqueIdentifier>
    </Filter>
    <Filter Include="ヘッダーファイル\Engine\game\h\Core\Time">
      <UniqueIdentifier>{eafc788c-eb9a-40bc-ac26-df369dc35da9}</UniqueIdentifier>
    </Filter>
    <Filter Include="ヘッダーファイル\Engine\game\h\UI">
      <UniqueIdentifier>{304edbf7-db06-4cf6-9159-b30b193fa912}</UniqueIdentifier>
    </Filter>
    <Filter Include="ヘッダーファイル\Engine\game\h\Level">
      <UniqueIdentifier>{864a7406-37fd-4cd4-8460-e2c0790a69ce}</UniqueIdentifier>
    </Filter>
    <Filter Include="ヘッダーファイル\Engine\game\h\Core\Lighting">
      <UniqueIdentifier>{d4bc4506-6509-4989-a50d-69c30e8e5584}</UniqueIdentifier>
    </Filter>
    <Filter Include="ヘッダーファイル\Engine\graphics">
      <UniqueIdentifier>{8bc5c440-8e48-47a5-b33a-3f3bfd6bfa5f}</UniqueIdentifier>
    </Filter>
    <Filter Include="ヘッダーファイル\Engine\graphics\h">
      <UniqueIdentifier>{2ca75d99-12cb-4ef1-874a-891f80dc28ab}</UniqueIdentifier>
    </Filter>
    <Filter Include="ヘッダーファイル\Engine\graphics\h\3D">
      <UniqueIdentifier>{e7a20bec-f731-4ef4-9f4a-f7b0051b06d2}</UniqueIdentifier>
    </Filter>
    <Filter Include="ヘッダーファイル\Engine\graphics\h\Camera">
      <UniqueIdentifier>{15017066-0a42-4ec8-8b87-ea30282c0f35}</UniqueIdentifier>
    </Filter>
    <Filter Include="ヘッダーファイル\Engine\graphics\h\DebugSystem">
      <UniqueIdentifier>{5e805b76-2256-4915-8013-8ce0fcb76863}</UniqueIdentifier>
    </Filter>
    <Filter Include="ヘッダーファイル\Engine\game\h\Core\Device">
      <UniqueIdentifier>{549d0f32-f627-40a6-95c5-e9b2b3913dc9}</UniqueIdentifier>
    </Filter>
    <Filter Include="ヘッダーファイル\Engine\game\h\Core\Window">
      <UniqueIdentifier>{f1750c48-11a6-4a7b-815a-50251ff2ae39}</UniqueIdentifier>
    </Filter>
    <Filter Include="ヘッダーファイル\Engine\graphics\h\Effect">
      <UniqueIdentifier>{343b6c59-3f97-4d76-b2e1-cb7e764a4479}</UniqueIdentifier>
    </Filter>
    <Filter Include="ヘッダーファイル\Engine\graphics\h\Light">
      <UniqueIdentifier>{99309878-05a9-484a-ac8b-c1f6e6a7a404}</UniqueIdentifier>
    </Filter>
    <Filter Include="ヘッダーファイル\Engine\graphics\h\Manager">
      <UniqueIdentifier>{a479711a-6f8d-4906-940e-568804b0383b}</UniqueIdentifier>
    </Filter>
    <Filter Include="ヘッダーファイル\Engine\graphics\h\Skeleton">
      <UniqueIdentifier>{82905dc6-3d00-46a3-b340-e7da3bc404c0}</UniqueIdentifier>
    </Filter>
    <Filter Include="ヘッダーファイル\Engine\math">
      <UniqueIdentifier>{2e733663-6b7b-4658-98a2-17cbdb3c5c0f}</UniqueIdentifier>
    </Filter>
    <Filter Include="ヘッダーファイル\Engine\math\h">
      <UniqueIdentifier>{57ba4271-16d5-4dfd-ae70-049508e9f3cb}</UniqueIdentifier>
    </Filter>
    <Filter Include="ヘッダーファイル\Engine\game\h\Core\Input">
      <UniqueIdentifier>{b3983ab6-abee-4f92-a89c-b85e9771bd1e}</UniqueIdentifier>
    </Filter>
    <Filter Include="ヘッダーファイル\Engine\graphics\h\ImGui">
      <UniqueIdentifier>{cbdb77dc-f403-4ef0-bb4a-abade395611e}</UniqueIdentifier>
    </Filter>
    <Filter Include="ヘッダーファイル\Engine\graphics\h\2D">
      <UniqueIdentifier>{22d8252b-8455-4d07-b4ad-725bf155967b}</UniqueIdentifier>
    </Filter>
    <Filter Include="ヘッダーファイル\Engine\graphics\h\Particle">
      <UniqueIdentifier>{9c2344d7-72ba-4544-a931-f273e2be6b86}</UniqueIdentifier>
    </Filter>
    <Filter Include="ヘッダーファイル\Engine\graphics\h\Offscreen">
      <UniqueIdentifier>{c6fcb3e6-5a6b-467c-9b65-f073d7379c81}</UniqueIdentifier>
    </Filter>
  </ItemGroup>
  <ItemGroup>
    <ClCompile Include="Engine\game\cpp\Util\Animation.cpp">
      <Filter>ソースファイル\Engine\game\cpp\Util</Filter>
    </ClCompile>
    <ClCompile Include="Engine\game\cpp\Core\Audio\Audio.cpp">
      <Filter>ソースファイル\Engine\game\cpp\Core\Audio</Filter>
    </ClCompile>
    <ClCompile Include="Engine\game\cpp\Scene\ClearScene.cpp">
      <Filter>ソースファイル\Engine\game\cpp\Scene</Filter>
    </ClCompile>
    <ClCompile Include="Engine\game\cpp\Scene\GameOverScene.cpp">
      <Filter>ソースファイル\Engine\game\cpp\Scene</Filter>
    </ClCompile>
    <ClCompile Include="Engine\game\cpp\Core\Time\GameTime.cpp">
      <Filter>ソースファイル\Engine\game\cpp\Core\Time</Filter>
    </ClCompile>
    <ClCompile Include="Engine\game\cpp\UI\ScoreDisplay.cpp">
      <Filter>ソースファイル\Engine\game\cpp\UI</Filter>
    </ClCompile>
    <ClCompile Include="Engine\game\cpp\Collision\Collision.cpp">
      <Filter>ソースファイル\Engine\game\cpp\Collision</Filter>
    </ClCompile>
    <ClCompile Include="Engine\game\cpp\Core\App\Framework.cpp">
      <Filter>ソースファイル\Engine\game\cpp\Core\App</Filter>
    </ClCompile>
    <ClCompile Include="Engine\game\cpp\Core\App\Game.cpp">
      <Filter>ソースファイル\Engine\game\cpp\Core\App</Filter>
    </ClCompile>
    <ClCompile Include="Engine\game\cpp\Core\Object\GameObject.cpp">
      <Filter>ソースファイル\Engine\game\cpp\Core\Object</Filter>
    </ClCompile>
    <ClCompile Include="Engine\game\cpp\Effect\AfterImageRenderer.cpp">
      <Filter>ソースファイル\Engine\game\cpp\Effect</Filter>
    </ClCompile>
    <ClCompile Include="Engine\game\cpp\Scene\BattleTestScene.cpp">
      <Filter>ソースファイル\Engine\game\cpp\Scene</Filter>
    </ClCompile>
    <ClCompile Include="Engine\game\cpp\Player\BulletPool.cpp">
      <Filter>ソースファイル\Engine\game\cpp\Player</Filter>
    </ClCompile>
    <ClCompile Include="Engine\game\cpp\Player\EnemyEntity.cpp">
      <Filter>ソースファイル\Engine\game\cpp\Player</Filter>
    </ClCompile>
    <ClCompile Include="Engine\game\cpp\Player\KnightEnemy.cpp">
      <Filter>ソースファイル\Engine\game\cpp\Player</Filter>
    </ClCompile>
    <ClCompile Include="Engine\game\cpp\Effect\CameraShaker.cpp">
      <Filter>ソースファイル\Engine\game\cpp\Effect</Filter>
    </ClCompile>
    <ClCompile Include="Engine\game\cpp\Effect\SlashMark.cpp">
      <Filter>ソースファイル\Engine\game\cpp\Effect</Filter>
    </ClCompile>
    <ClCompile Include="Engine\game\cpp\Scene\GamePlayScene.cpp">
      <Filter>ソースファイル\Engine\game\cpp\Scene</Filter>
    </ClCompile>
    <ClCompile Include="Engine\game\cpp\Core\App\GameSettings.cpp">
      <Filter>ソースファイル\Engine\game\cpp\Core\App</Filter>
    </ClCompile>
    <ClCompile Include="Engine\game\cpp\Core\App\SaveData.cpp">
      <Filter>ソースファイル\Engine\game\cpp\Core\App</Filter>
    </ClCompile>
    <ClCompile Include="Engine\game\cpp\Player\Player.cpp">
      <Filter>ソースファイル\Engine\game\cpp\Player</Filter>
    </ClCompile>
    <ClCompile Include="Engine\game\cpp\Core\Time\TimeManager.cpp">
      <Filter>ソースファイル\Engine\game\cpp\Core\Time</Filter>
    </ClCompile>
    <ClCompile Include="Engine\game\cpp\UI\ScreenFlash.cpp">
      <Filter>ソースファイル\Engine\game\cpp\UI</Filter>
    </ClCompile>
    <ClCompile Include="Engine\game\cpp\Core\Time\DelayTimer.cpp">
      <Filter>ソースファイル\Engine\game\cpp\Core\Time</Filter>
    </ClCompile>
    <ClCompile Include="Engine\game\cpp\Core\Time\Tweener.cpp">
      <Filter>ソースファイル\Engine\game\cpp\Core\Time</Filter>
    </ClCompile>
    <ClCompile Include="Engine\game\cpp\Scene\TrainingScene.cpp">
      <Filter>ソースファイル\Engine\game\cpp\Scene</Filter>
    </ClCompile>
    <ClCompile Include="Engine\game\cpp\Player\WaterPool.cpp">
      <Filter>ソースファイル\Engine\game\cpp\Player</Filter>
    </ClCompile>
    <ClCompile Include="Engine\game\cpp\UI\FontRenderer.cpp">
      <Filter>ソースファイル\Engine\game\cpp\UI</Filter>
    </ClCompile>
    <ClCompile Include="Engine\game\cpp\Player\MeleeCombo.cpp">
      <Filter>ソースファイル\Engine\game\cpp\Player</Filter>
    </ClCompile>
    <ClCompile Include="Engine\game\cpp\Player\GunCombo.cpp">
      <Filter>ソースファイル\Engine\game\cpp\Player</Filter>
    </ClCompile>
    <ClCompile Include="Engine\game\cpp\Player\WeaponManager.cpp">
      <Filter>ソースファイル\Engine\game\cpp\Player</Filter>
    </ClCompile>
    <ClCompile Include="Engine\game\cpp\Util\JsonHelper.cpp">
      <Filter>ソースファイル\Engine\game\cpp\Util</Filter>
    </ClCompile>
    <ClCompile Include="Engine\game\cpp\Level\LevelLoader.cpp">
      <Filter>ソースファイル\Engine\game\cpp\Level</Filter>
    </ClCompile>
    <ClCompile Include="Engine\game\cpp\Scene\SceneEditor.cpp">
      <Filter>ソースファイル\Engine\game\cpp\Scene</Filter>
    </ClCompile>
    <ClCompile Include="Engine\game\cpp\Core\Lighting\LightingMode.cpp">
      <Filter>ソースファイル\Engine\game\cpp\Core\Lighting</Filter>
    </ClCompile>
    <ClCompile Include="Engine\game\cpp\Scene\SceneFactory.cpp">
      <Filter>ソースファイル\Engine\game\cpp\Scene</Filter>
    </ClCompile>
    <ClCompile Include="Engine\game\cpp\Scene\SceneManager.cpp">
      <Filter>ソースファイル\Engine\game\cpp\Scene</Filter>
    </ClCompile>
    <ClCompile Include="Engine\game\cpp\Scene\SceneShared.cpp">
      <Filter>ソースファイル\Engine\game\cpp\Scene</Filter>
    </ClCompile>
    <ClCompile Include="Engine\game\cpp\UI\StyleMeter.cpp">
      <Filter>ソースファイル\Engine\game\cpp\UI</Filter>
    </ClCompile>
    <ClCompile Include="Engine\game\cpp\UI\ScoreManager.cpp">
      <Filter>ソースファイル\Engine\game\cpp\UI</Filter>
    </ClCompile>
    <ClCompile Include="Engine\game\cpp\Scene\LoadingScene.cpp">
      <Filter>ソースファイル\Engine\game\cpp\Scene</Filter>
    </ClCompile>
    <ClCompile Include="Engine\game\cpp\Scene\TitleScene.cpp">
      <Filter>ソースファイル\Engine\game\cpp\Scene</Filter>
    </ClCompile>
    <ClCompile Include="Engine\game\cpp\Core\Object\WorldTransform.cpp">
      <Filter>ソースファイル\Engine\game\cpp\Core\Object</Filter>
    </ClCompile>
    <ClCompile Include="Engine\graphics\cpp\Camera\Camera.cpp">
      <Filter>ソースファイル\Engine\graphics\cpp\Camera</Filter>
    </ClCompile>
    <ClCompile Include="Engine\game\cpp\Core\Device\DirectXCommon.cpp">
      <Filter>ソースファイル\Engine\game\cpp\Core\Device</Filter>
    </ClCompile>
    <ClCompile Include="Engine\graphics\cpp\DebugSystem\CrashHandler.cpp">
      <Filter>ソースファイル\Engine\graphics\cpp\DebugSystem</Filter>
    </ClCompile>
    <ClCompile Include="Engine\graphics\cpp\DebugSystem\Logger.cpp">
      <Filter>ソースファイル\Engine\graphics\cpp\DebugSystem</Filter>
    </ClCompile>
    <ClCompile Include="Engine\game\cpp\Core\Window\WinApp.cpp">
      <Filter>ソースファイル\Engine\game\cpp\Core\Window</Filter>
    </ClCompile>
    <ClCompile Include="Engine\game\cpp\Util\StringUtility.cpp">
      <Filter>ソースファイル\Engine\game\cpp\Util</Filter>
    </ClCompile>
    <ClCompile Include="Engine\graphics\cpp\DebugSystem\DebugDrawGpu.cpp">
      <Filter>ソースファイル\Engine\graphics\cpp\DebugSystem</Filter>
    </ClCompile>
    <ClCompile Include="Engine\graphics\cpp\DebugSystem\GpuProfiler.cpp">
      <Filter>ソースファイル\Engine\graphics\cpp\DebugSystem</Filter>
    </ClCompile>
    <ClCompile Include="Engine\graphics\cpp\DebugSystem\ShaderHotReload.cpp">
      <Filter>ソースファイル\Engine\graphics\cpp\DebugSystem</Filter>
    </ClCompile>
    <ClCompile Include="Engine\graphics\cpp\Effect\Fade.cpp">
      <Filter>ソースファイル\Engine\graphics\cpp\Effect</Filter>
    </ClCompile>
    <ClCompile Include="Engine\graphics\cpp\Effect\GlassShatterEffect.cpp">
      <Filter>ソースファイル\Engine\graphics\cpp\Effect</Filter>
    </ClCompile>
    <ClCompile Include="Engine\graphics\cpp\Effect\MeshSliceEffect.cpp">
      <Filter>ソースファイル\Engine\graphics\cpp\Effect</Filter>
    </ClCompile>
    <ClCompile Include="Engine\graphics\cpp\Effect\BladeFlashEffect.cpp">
      <Filter>ソースファイル\Engine\graphics\cpp\Effect</Filter>
    </ClCompile>
    <ClCompile Include="Engine\graphics\cpp\Effect\SpaceDistortionEffect.cpp">
      <Filter>ソースファイル\Engine\graphics\cpp\Effect</Filter>
    </ClCompile>
    <ClCompile Include="Engine\graphics\cpp\Effect\GrayscaleEffect.cpp">
      <Filter>ソースファイル\Engine\graphics\cpp\Effect</Filter>
    </ClCompile>
    <ClCompile Include="Engine\graphics\cpp\Effect\HsvFilter.cpp">
      <Filter>ソースファイル\Engine\graphics\cpp\Effect</Filter>
    </ClCompile>
    <ClCompile Include="Engine\graphics\cpp\Effect\PostEffectFullscreenPass.cpp">
      <Filter>ソースファイル\Engine\graphics\cpp\Effect</Filter>
    </ClCompile>
    <ClCompile Include="Engine\graphics\cpp\Effect\ImageFilter.cpp">
      <Filter>ソースファイル\Engine\graphics\cpp\Effect</Filter>
    </ClCompile>
    <ClCompile Include="Engine\graphics\cpp\ImGui\ImguiControl.cpp">
      <Filter>ソースファイル\Engine\graphics\cpp\ImGui</Filter>
    </ClCompile>
    <ClCompile Include="Engine\graphics\cpp\Light\LightManager.cpp">
      <Filter>ソースファイル\Engine\graphics\cpp\Light</Filter>
    </ClCompile>
    <ClCompile Include="Engine\graphics\cpp\Light\CascadedShadowMap.cpp">
      <Filter>ソースファイル\Engine\graphics\cpp\Light</Filter>
    </ClCompile>
    <ClCompile Include="Engine\graphics\cpp\3D\MapChipField.cpp">
      <Filter>ソースファイル\Engine\graphics\cpp\3D</Filter>
    </ClCompile>
    <ClCompile Include="Engine\graphics\cpp\Manager\MaterialManager.cpp">
      <Filter>ソースファイル\Engine\graphics\cpp\Manager</Filter>
    </ClCompile>
    <ClCompile Include="Engine\graphics\cpp\Manager\MeshManager.cpp">
      <Filter>ソースファイル\Engine\graphics\cpp\Manager</Filter>
    </ClCompile>
    <ClCompile Include="Engine\base\main.cpp">
      <Filter>ソースファイル\Engine\base</Filter>
    </ClCompile>
    <ClCompile Include="Engine\game\cpp\Core\Input\Input.cpp">
      <Filter>ソースファイル\Engine\game\cpp\Core\Input</Filter>
    </ClCompile>
    <ClCompile Include="Engine\graphics\cpp\ImGui\ImGuiManager.cpp">
      <Filter>ソースファイル\Engine\graphics\cpp\ImGui</Filter>
    </ClCompile>
    <ClCompile Include="Engine\graphics\cpp\Skeleton\Skeleton.cpp">
      <Filter>ソースファイル\Engine\graphics\cpp\Skeleton</Filter>
    </ClCompile>
    <ClCompile Include="Engine\graphics\cpp\Skeleton\SkeletonDebugRenderer.cpp">
      <Filter>ソースファイル\Engine\graphics\cpp\Skeleton</Filter>
    </ClCompile>
    <ClCompile Include="Engine\graphics\cpp\Skeleton\SkinCS.cpp">
      <Filter>ソースファイル\Engine\graphics\cpp\Skeleton</Filter>
    </ClCompile>
    <ClCompile Include="Engine\graphics\cpp\Skeleton\SkinnedModel.cpp">
      <Filter>ソースファイル\Engine\graphics\cpp\Skeleton</Filter>
    </ClCompile>
    <ClCompile Include="Engine\graphics\cpp\Skeleton\SkinCommon.cpp">
      <Filter>ソースファイル\Engine\graphics\cpp\Skeleton</Filter>
    </ClCompile>
    <ClCompile Include="Engine\graphics\cpp\Skeleton\SkinnedObject3d.cpp">
      <Filter>ソースファイル\Engine\graphics\cpp\Skeleton</Filter>
    </ClCompile>
    <ClCompile Include="Engine\graphics\cpp\3D\Skydome.cpp">
      <Filter>ソースファイル\Engine\graphics\cpp\3D</Filter>
    </ClCompile>
    <ClCompile Include="Engine\graphics\cpp\2D\SpriteCommon.cpp">
      <Filter>ソースファイル\Engine\graphics\cpp\2D</Filter>
    </ClCompile>
    <ClCompile Include="Engine\graphics\cpp\2D\Sprite.cpp">
      <Filter>ソースファイル\Engine\graphics\cpp\2D</Filter>
    </ClCompile>
    <ClCompile Include="Engine\graphics\cpp\Manager\TextureManager.cpp">
      <Filter>ソースファイル\Engine\graphics\cpp\Manager</Filter>
    </ClCompile>
    <ClCompile Include="Engine\graphics\cpp\3D\Object3dCommon.cpp">
      <Filter>ソースファイル\Engine\graphics\cpp\3D</Filter>
    </ClCompile>
    <ClCompile Include="Engine\graphics\cpp\3D\InstancedObject3d.cpp">
      <Filter>ソースファイル\Engine\graphics\cpp\3D</Filter>
    </ClCompile>
    <ClCompile Include="Engine\graphics\cpp\Light\ShadowManager.cpp">
      <Filter>ソースファイル\Engine\graphics\cpp\Light</Filter>
    </ClCompile>
    <ClCompile Include="Engine\graphics\cpp\3D\Model.cpp">
      <Filter>ソースファイル\Engine\graphics\cpp\3D</Filter>
    </ClCompile>
    <ClCompile Include="Engine\graphics\cpp\3D\Object3d.cpp">
      <Filter>ソースファイル\Engine\graphics\cpp\3D</Filter>
    </ClCompile>
    <ClCompile Include="Engine\graphics\cpp\Manager\ModelManager.cpp">
      <Filter>ソースファイル\Engine\graphics\cpp\Manager</Filter>
    </ClCompile>
    <ClCompile Include="Engine\graphics\cpp\3D\ModelCommon.cpp">
      <Filter>ソースファイル\Engine\graphics\cpp\3D</Filter>
    </ClCompile>
    <ClCompile Include="Engine\graphics\cpp\Manager\SrvManager.cpp">
      <Filter>ソースファイル\Engine\graphics\cpp\Manager</Filter>
    </ClCompile>
    <ClCompile Include="Engine\graphics\cpp\Particle\ParticleManager.cpp">
      <Filter>ソースファイル\Engine\graphics\cpp\Particle</Filter>
    </ClCompile>
    <ClCompile Include="Engine\graphics\cpp\Particle\ParticleEmitter.cpp">
      <Filter>ソースファイル\Engine\graphics\cpp\Particle</Filter>
    </ClCompile>
    <ClCompile Include="Engine\graphics\cpp\3D\Cylinder.cpp">
      <Filter>ソースファイル\Engine\graphics\cpp\3D</Filter>
    </ClCompile>
    <ClCompile Include="Engine\graphics\cpp\3D\Ring.cpp">
      <Filter>ソースファイル\Engine\graphics\cpp\3D</Filter>
    </ClCompile>
    <ClCompile Include="Engine\graphics\cpp\Offscreen\RenderTexture.cpp">
      <Filter>ソースファイル\Engine\graphics\cpp\Offscreen</Filter>
    </ClCompile>
    <ClCompile Include="Engine\graphics\cpp\Effect\VideoPlayer.cpp">
      <Filter>ソースファイル\Engine\graphics\cpp\Effect</Filter>
    </ClCompile>
    <ClCompile Include="Engine\graphics\cpp\Effect\VignetteEffect.cpp">
      <Filter>ソースファイル\Engine\graphics\cpp\Effect</Filter>
    </ClCompile>
    <ClCompile Include="Engine\graphics\cpp\Effect\BloomEffect.cpp">
      <Filter>ソースファイル\Engine\graphics\cpp\Effect</Filter>
    </ClCompile>
    <ClCompile Include="Engine\game\cpp\Util\AnimationStateMachine.cpp">
      <Filter>ソースファイル\Engine\game\cpp\Util</Filter>
    </ClCompile>
    <ClCompile Include="Engine\game\cpp\Core\Time\Sequencer.cpp">
      <Filter>ソースファイル\Engine\game\cpp\Core\Time</Filter>
    </ClCompile>
    <ClCompile Include="Engine\graphics\cpp\Effect\OutlineEffect.cpp">
      <Filter>ソースファイル\Engine\graphics\cpp\Effect</Filter>
    </ClCompile>
    <ClCompile Include="Engine\game\cpp\Effect\InputBuffer.cpp">
      <Filter>ソースファイル\Engine\game\cpp\Effect</Filter>
    </ClCompile>
    <ClCompile Include="Engine\game\cpp\UI\UIMenu.cpp">
      <Filter>ソースファイル\Engine\game\cpp\UI</Filter>
    </ClCompile>
    <ClCompile Include="Engine\game\cpp\Scene\MapScene.cpp">
      <Filter>ソースファイル\Engine\game\cpp\Scene</Filter>
    </ClCompile>
    <ClCompile Include="Engine\game\cpp\Scene\ShopScene.cpp">
      <Filter>ソースファイル\Engine\game\cpp\Scene</Filter>
    </ClCompile>
    <ClCompile Include="Engine\graphics\cpp\Effect\SSAOEffect.cpp">
      <Filter>ソースファイル\Engine\graphics\cpp\Effect</Filter>
    </ClCompile>
  </ItemGroup>
  <ItemGroup>
    <ClInclude Include="Engine\game\h\Scene\AbstractSceneFactory.h">
      <Filter>ヘッダーファイル\Engine\game\h\Scene</Filter>
    </ClInclude>
    <ClInclude Include="Engine\game\h\Util\Animation.h">
      <Filter>ヘッダーファイル\Engine\game\h\Util</Filter>
    </ClInclude>
    <ClInclude Include="Engine\game\h\Core\Audio\Audio.h">
      <Filter>ヘッダーファイル\Engine\game\h\Core\Audio</Filter>
    </ClInclude>
    <ClInclude Include="Engine\game\h\Scene\BaseScene.h">
      <Filter>ヘッダーファイル\Engine\game\h\Scene</Filter>
    </ClInclude>
    <ClInclude Include="Engine\game\h\Scene\ClearScene.h">
      <Filter>ヘッダーファイル\Engine\game\h\Scene</Filter>
    </ClInclude>
    <ClInclude Include="Engine\game\h\Scene\GameOverScene.h">
      <Filter>ヘッダーファイル\Engine\game\h\Scene</Filter>
    </ClInclude>
    <ClInclude Include="Engine\game\h\Collision\Collision.h">
      <Filter>ヘッダーファイル\Engine\game\h\Collision</Filter>
    </ClInclude>
    <ClInclude Include="Engine\game\h\Collision\CollisionConfig.h">
      <Filter>ヘッダーファイル\Engine\game\h\Collision</Filter>
    </ClInclude>
    <ClInclude Include="Engine\game\h\Core\App\Framework.h">
      <Filter>ヘッダーファイル\Engine\game\h\Core\App</Filter>
    </ClInclude>
    <ClInclude Include="Engine\game\h\Core\App\Game.h">
      <Filter>ヘッダーファイル\Engine\game\h\Core\App</Filter>
    </ClInclude>
    <ClInclude Include="Engine\game\h\Core\Object\GameObject.h">
      <Filter>ヘッダーファイル\Engine\game\h\Core\Object</Filter>
    </ClInclude>
    <ClInclude Include="Engine\game\h\Util\GameConstants.h">
      <Filter>ヘッダーファイル\Engine\game\h\Util</Filter>
    </ClInclude>
    <ClInclude Include="Engine\game\h\Util\BorderBlockBuilder.h">
      <Filter>ヘッダーファイル\Engine\game\h\Util</Filter>
    </ClInclude>
    <ClInclude Include="Engine\game\h\Effect\AfterImageRenderer.h">
      <Filter>ヘッダーファイル\Engine\game\h\Effect</Filter>
    </ClInclude>
    <ClInclude Include="Engine\game\h\Scene\BattleTestScene.h">
      <Filter>ヘッダーファイル\Engine\game\h\Scene</Filter>
    </ClInclude>
    <ClInclude Include="Engine\game\h\Player\BulletPool.h">
      <Filter>ヘッダーファイル\Engine\game\h\Player</Filter>
    </ClInclude>
    <ClInclude Include="Engine\game\h\Player\EnemyEntity.h">
      <Filter>ヘッダーファイル\Engine\game\h\Player</Filter>
    </ClInclude>
    <ClInclude Include="Engine\game\h\Player\KnightEnemy.h">
      <Filter>ヘッダーファイル\Engine\game\h\Player</Filter>
    </ClInclude>
    <ClInclude Include="Engine\game\h\Effect\CameraShaker.h">
      <Filter>ヘッダーファイル\Engine\game\h\Effect</Filter>
    </ClInclude>
    <ClInclude Include="Engine\game\h\Effect\SlashMark.h">
      <Filter>ヘッダーファイル\Engine\game\h\Effect</Filter>
    </ClInclude>
    <ClInclude Include="Engine\game\h\Effect\Easing.h">
      <Filter>ヘッダーファイル\Engine\game\h\Effect</Filter>
    </ClInclude>
    <ClInclude Include="Engine\game\h\Scene\GamePlayScene.h">
      <Filter>ヘッダーファイル\Engine\game\h\Scene</Filter>
    </ClInclude>
    <ClInclude Include="Engine\game\h\Core\App\GameSettings.h">
      <Filter>ヘッダーファイル\Engine\game\h\Core\App</Filter>
    </ClInclude>
    <ClInclude Include="Engine\game\h\Core\App\SaveData.h">
      <Filter>ヘッダーファイル\Engine\game\h\Core\App</Filter>
    </ClInclude>
    <ClInclude Include="Engine\game\h\Core\Time\TimeManager.h">
      <Filter>ヘッダーファイル\Engine\game\h\Core\Time</Filter>
    </ClInclude>
    <ClInclude Include="Engine\game\h\UI\ScreenFlash.h">
      <Filter>ヘッダーファイル\Engine\game\h\UI</Filter>
    </ClInclude>
    <ClInclude Include="Engine\game\h\Core\Time\DelayTimer.h">
      <Filter>ヘッダーファイル\Engine\game\h\Core\Time</Filter>
    </ClInclude>
    <ClInclude Include="Engine\game\h\Core\Time\Tweener.h">
      <Filter>ヘッダーファイル\Engine\game\h\Core\Time</Filter>
    </ClInclude>
    <ClInclude Include="Engine\game\h\Player\Player.h">
      <Filter>ヘッダーファイル\Engine\game\h\Player</Filter>
    </ClInclude>
    <ClInclude Include="Engine\game\h\Player\CharacterVisuals.h">
      <Filter>ヘッダーファイル\Engine\game\h\Player</Filter>
    </ClInclude>
    <ClInclude Include="Engine\game\h\Scene\TrainingScene.h">
      <Filter>ヘッダーファイル\Engine\game\h\Scene</Filter>
    </ClInclude>
    <ClInclude Include="Engine\game\h\Player\Weapon.h">
      <Filter>ヘッダーファイル\Engine\game\h\Player</Filter>
    </ClInclude>
    <ClInclude Include="Engine\game\h\Player\WaterPool.h">
      <Filter>ヘッダーファイル\Engine\game\h\Player</Filter>
    </ClInclude>
    <ClInclude Include="Engine\game\h\UI\FontRenderer.h">
      <Filter>ヘッダーファイル\Engine\game\h\UI</Filter>
    </ClInclude>
    <ClInclude Include="Engine\game\h\Player\MeleeCombo.h">
      <Filter>ヘッダーファイル\Engine\game\h\Player</Filter>
    </ClInclude>
    <ClInclude Include="Engine\game\h\Player\GunCombo.h">
      <Filter>ヘッダーファイル\Engine\game\h\Player</Filter>
    </ClInclude>
    <ClInclude Include="Engine\game\h\Player\WeaponManager.h">
      <Filter>ヘッダーファイル\Engine\game\h\Player</Filter>
    </ClInclude>
    <ClInclude Include="Engine\game\h\Core\Time\GameTime.h">
      <Filter>ヘッダーファイル\Engine\game\h\Core\Time</Filter>
    </ClInclude>
    <ClInclude Include="Engine\game\h\Util\JsonHelper.h">
      <Filter>ヘッダーファイル\Engine\game\h\Util</Filter>
    </ClInclude>
    <ClInclude Include="Engine\game\h\Level\LevelLoader.h">
      <Filter>ヘッダーファイル\Engine\game\h\Level</Filter>
    </ClInclude>
    <ClInclude Include="Engine\game\h\Scene\SceneEditor.h">
      <Filter>ヘッダーファイル\Engine\game\h\Scene</Filter>
    </ClInclude>
    <ClInclude Include="Engine\game\h\UI\ScoreDisplay.h">
      <Filter>ヘッダーファイル\Engine\game\h\UI</Filter>
    </ClInclude>
    <ClInclude Include="Engine\game\h\Core\Lighting\LightingMode.h">
      <Filter>ヘッダーファイル\Engine\game\h\Core\Lighting</Filter>
    </ClInclude>
    <ClInclude Include="Engine\graphics\h\DebugSystem\CrashHandler.h">
      <Filter>ヘッダーファイル\Engine\graphics\h\DebugSystem</Filter>
    </ClInclude>
    <ClInclude Include="Engine\graphics\h\DebugSystem\EngineAssert.h">
      <Filter>ヘッダーファイル\Engine\graphics\h\DebugSystem</Filter>
    </ClInclude>
    <ClInclude Include="Engine\graphics\h\DebugSystem\Logger.h">
      <Filter>ヘッダーファイル\Engine\graphics\h\DebugSystem</Filter>
    </ClInclude>
    <ClInclude Include="Engine\game\h\Scene\SceneFactory.h">
      <Filter>ヘッダーファイル\Engine\game\h\Scene</Filter>
    </ClInclude>
    <ClInclude Include="Engine\game\h\Scene\SceneManager.h">
      <Filter>ヘッダーファイル\Engine\game\h\Scene</Filter>
    </ClInclude>
    <ClInclude Include="Engine\game\h\Scene\SceneShared.h">
      <Filter>ヘッダーファイル\Engine\game\h\Scene</Filter>
    </ClInclude>
    <ClInclude Include="Engine\game\h\UI\StyleMeter.h">
      <Filter>ヘッダーファイル\Engine\game\h\UI</Filter>
    </ClInclude>
    <ClInclude Include="Engine\game\h\UI\ScoreManager.h">
      <Filter>ヘッダーファイル\Engine\game\h\UI</Filter>
    </ClInclude>
    <ClInclude Include="Engine\game\h\Scene\LoadingScene.h">
      <Filter>ヘッダーファイル\Engine\game\h\Scene</Filter>
    </ClInclude>
    <ClInclude Include="Engine\game\h\Scene\TitleScene.h">
      <Filter>ヘッダーファイル\Engine\game\h\Scene</Filter>
    </ClInclude>
    <ClInclude Include="Engine\game\h\Core\Object\WorldTransform.h">
      <Filter>ヘッダーファイル\Engine\game\h\Core\Object</Filter>
    </ClInclude>
    <ClInclude Include="Engine\graphics\h\3D\BlendMode.h">
      <Filter>ヘッダーファイル\Engine\graphics\h\3D</Filter>
    </ClInclude>
    <ClInclude Include="Engine\graphics\h\Camera\Camera.h">
      <Filter>ヘッダーファイル\Engine\graphics\h\Camera</Filter>
    </ClInclude>
    <ClInclude Include="Engine\game\h\Util\DebugDraw.h">
      <Filter>ヘッダーファイル\Engine\game\h\Util</Filter>
    </ClInclude>
    <ClInclude Include="Engine\graphics\h\DebugSystem\D3DResourceLeakChecker.h">
      <Filter>ヘッダーファイル\Engine\graphics\h\DebugSystem</Filter>
    </ClInclude>
    <ClInclude Include="Engine\graphics\h\DebugSystem\DebugDrawGpu.h">
      <Filter>ヘッダーファイル\Engine\graphics\h\DebugSystem</Filter>
    </ClInclude>
    <ClInclude Include="Engine\game\h\Core\Device\DirectXCommon.h">
      <Filter>ヘッダーファイル\Engine\game\h\Core\Device</Filter>
    </ClInclude>
    <ClInclude Include="Engine\game\h\Core\Window\WinApp.h">
      <Filter>ヘッダーファイル\Engine\game\h\Core\Window</Filter>
    </ClInclude>
    <ClInclude Include="Engine\graphics\h\DebugSystem\GpuProfiler.h">
      <Filter>ヘッダーファイル\Engine\graphics\h\DebugSystem</Filter>
    </ClInclude>
    <ClInclude Include="Engine\graphics\h\DebugSystem\ShaderHotReload.h">
      <Filter>ヘッダーファイル\Engine\graphics\h\DebugSystem</Filter>
    </ClInclude>
    <ClInclude Include="Engine\graphics\h\Effect\Fade.h">
      <Filter>ヘッダーファイル\Engine\graphics\h\Effect</Filter>
    </ClInclude>
    <ClInclude Include="Engine\graphics\h\Light\LightManager.h">
      <Filter>ヘッダーファイル\Engine\graphics\h\Light</Filter>
    </ClInclude>
    <ClInclude Include="Engine\graphics\h\Light\CascadedShadowMap.h">
      <Filter>ヘッダーファイル\Engine\graphics\h\Light</Filter>
    </ClInclude>
    <ClInclude Include="Engine\graphics\h\3D\MapChipField.h">
      <Filter>ヘッダーファイル\Engine\graphics\h\3D</Filter>
    </ClInclude>
    <ClInclude Include="Engine\graphics\h\Manager\MaterialManager.h">
      <Filter>ヘッダーファイル\Engine\graphics\h\Manager</Filter>
    </ClInclude>
    <ClInclude Include="Engine\graphics\h\Manager\MeshManager.h">
      <Filter>ヘッダーファイル\Engine\graphics\h\Manager</Filter>
    </ClInclude>
    <ClInclude Include="Engine\graphics\h\Skeleton\Skeleton.h">
      <Filter>ヘッダーファイル\Engine\graphics\h\Skeleton</Filter>
    </ClInclude>
    <ClInclude Include="Engine\graphics\h\Skeleton\SkeletonDebugRenderer.h">
      <Filter>ヘッダーファイル\Engine\graphics\h\Skeleton</Filter>
    </ClInclude>
    <ClInclude Include="Engine\graphics\h\Skeleton\SkinCS.h">
      <Filter>ヘッダーファイル\Engine\graphics\h\Skeleton</Filter>
    </ClInclude>
    <ClInclude Include="Engine\graphics\h\Skeleton\SkinnedModel.h">
      <Filter>ヘッダーファイル\Engine\graphics\h\Skeleton</Filter>
    </ClInclude>
    <ClInclude Include="Engine\graphics\h\Skeleton\SkinCommon.h">
      <Filter>ヘッダーファイル\Engine\graphics\h\Skeleton</Filter>
    </ClInclude>
    <ClInclude Include="Engine\graphics\h\Skeleton\SkinnedObject3d.h">
      <Filter>ヘッダーファイル\Engine\graphics\h\Skeleton</Filter>
    </ClInclude>
    <ClInclude Include="Engine\graphics\h\3D\Skydome.h">
      <Filter>ヘッダーファイル\Engine\graphics\h\3D</Filter>
    </ClInclude>
    <ClInclude Include="Engine\graphics\h\Effect\VideoPlayer.h">
      <Filter>ヘッダーファイル\Engine\graphics\h\Effect</Filter>
    </ClInclude>
    <ClInclude Include="Engine\graphics\h\Effect\VignetteEffect.h">
      <Filter>ヘッダーファイル\Engine\graphics\h\Effect</Filter>
    </ClInclude>
    <ClInclude Include="Engine\math\h\MakeAffine.h">
      <Filter>ヘッダーファイル\Engine\math\h</Filter>
    </ClInclude>
    <ClInclude Include="Engine\math\h\MathCollision.h">
      <Filter>ヘッダーファイル\Engine\math\h</Filter>
    </ClInclude>
    <ClInclude Include="Engine\math\h\Matrix4x4.h">
      <Filter>ヘッダーファイル\Engine\math\h</Filter>
    </ClInclude>
    <ClInclude Include="Engine\math\h\Quaternion.h">
      <Filter>ヘッダーファイル\Engine\math\h</Filter>
    </ClInclude>
    <ClInclude Include="Engine\math\h\Transform.h">
      <Filter>ヘッダーファイル\Engine\math\h</Filter>
    </ClInclude>
    <ClInclude Include="Engine\math\h\Vector2.h">
      <Filter>ヘッダーファイル\Engine\math\h</Filter>
    </ClInclude>
    <ClInclude Include="Engine\math\h\Vector3.h">
      <Filter>ヘッダーファイル\Engine\math\h</Filter>
    </ClInclude>
    <ClInclude Include="Engine\math\h\Vector4.h">
      <Filter>ヘッダーファイル\Engine\math\h</Filter>
    </ClInclude>
    <ClInclude Include="Engine\game\h\Core\Input\Input.h">
      <Filter>ヘッダーファイル\Engine\game\h\Core\Input</Filter>
    </ClInclude>
    <ClInclude Include="Engine\game\h\Util\StringUtility.h">
      <Filter>ヘッダーファイル\Engine\game\h\Util</Filter>
    </ClInclude>
    <ClInclude Include="Engine\graphics\h\ImGui\ImGuiManager.h">
      <Filter>ヘッダーファイル\Engine\graphics\h\ImGui</Filter>
    </ClInclude>
    <ClInclude Include="Engine\graphics\h\2D\SpriteCommon.h">
      <Filter>ヘッダーファイル\Engine\graphics\h\2D</Filter>
    </ClInclude>
    <ClInclude Include="Engine\graphics\h\2D\Sprite.h">
      <Filter>ヘッダーファイル\Engine\graphics\h\2D</Filter>
    </ClInclude>
    <ClInclude Include="Engine\graphics\h\Manager\TextureManager.h">
      <Filter>ヘッダーファイル\Engine\graphics\h\Manager</Filter>
    </ClInclude>
    <ClInclude Include="Engine\graphics\h\3D\Object3dCommon.h">
      <Filter>ヘッダーファイル\Engine\graphics\h\3D</Filter>
    </ClInclude>
    <ClInclude Include="Engine\graphics\h\3D\InstancedObject3d.h">
      <Filter>ヘッダーファイル\Engine\graphics\h\3D</Filter>
    </ClInclude>
    <ClInclude Include="Engine\graphics\h\3D\ObjectMaterialLayout.h">
      <Filter>ヘッダーファイル\Engine\graphics\h\3D</Filter>
    </ClInclude>
    <ClInclude Include="Engine\graphics\h\Light\ShadowManager.h">
      <Filter>ヘッダーファイル\Engine\graphics\h\Light</Filter>
    </ClInclude>
    <ClInclude Include="Engine\graphics\h\3D\Model.h">
      <Filter>ヘッダーファイル\Engine\graphics\h\3D</Filter>
    </ClInclude>
    <ClInclude Include="Engine\graphics\h\3D\Object3d.h">
      <Filter>ヘッダーファイル\Engine\graphics\h\3D</Filter>
    </ClInclude>
    <ClInclude Include="Engine\graphics\h\Manager\ModelManager.h">
      <Filter>ヘッダーファイル\Engine\graphics\h\Manager</Filter>
    </ClInclude>
    <ClInclude Include="Engine\graphics\h\3D\ModelCommon.h">
      <Filter>ヘッダーファイル\Engine\graphics\h\3D</Filter>
    </ClInclude>
    <ClInclude Include="Engine\graphics\h\Manager\SrvManager.h">
      <Filter>ヘッダーファイル\Engine\graphics\h\Manager</Filter>
    </ClInclude>
    <ClInclude Include="Engine\graphics\h\Particle\ParticleManager.h">
      <Filter>ヘッダーファイル\Engine\graphics\h\Particle</Filter>
    </ClInclude>
    <ClInclude Include="Engine\graphics\h\Particle\ParticleEmitter.h">
      <Filter>ヘッダーファイル\Engine\graphics\h\Particle</Filter>
    </ClInclude>
    <ClInclude Include="Engine\graphics\h\3D\Cylinder.h">
      <Filter>ヘッダーファイル\Engine\graphics\h\3D</Filter>
    </ClInclude>
    <ClInclude Include="Engine\graphics\h\3D\Ring.h">
      <Filter>ヘッダーファイル\Engine\graphics\h\3D</Filter>
    </ClInclude>
    <ClInclude Include="Engine\graphics\h\Effect\GlassShatterEffect.h">
      <Filter>ヘッダーファイル\Engine\graphics\h\Effect</Filter>
    </ClInclude>
    <ClInclude Include="Engine\graphics\h\Effect\MeshSliceEffect.h">
      <Filter>ヘッダーファイル\Engine\graphics\h\Effect</Filter>
    </ClInclude>
    <ClInclude Include="Engine\graphics\h\Effect\BladeFlashEffect.h">
      <Filter>ヘッダーファイル\Engine\graphics\h\Effect</Filter>
    </ClInclude>
    <ClInclude Include="Engine\graphics\h\Effect\SpaceDistortionEffect.h">
      <Filter>ヘッダーファイル\Engine\graphics\h\Effect</Filter>
    </ClInclude>
    <ClInclude Include="Engine\graphics\h\Effect\GrayscaleEffect.h">
      <Filter>ヘッダーファイル\Engine\graphics\h\Effect</Filter>
    </ClInclude>
    <ClInclude Include="Engine\graphics\h\Effect\HsvFilter.h">
      <Filter>ヘッダーファイル\Engine\graphics\h\Effect</Filter>
    </ClInclude>
    <ClInclude Include="Engine\graphics\h\Effect\ImageFilter.h">
      <Filter>ヘッダーファイル\Engine\graphics\h\Effect</Filter>
    </ClInclude>
    <ClInclude Include="Engine\graphics\h\Effect\PostEffectRenderTarget.h">
      <Filter>ヘッダーファイル\Engine\graphics\h\Effect</Filter>
    </ClInclude>
    <ClInclude Include="Engine\graphics\h\Effect\PostEffectFullscreenPass.h">
      <Filter>ヘッダーファイル\Engine\graphics\h\Effect</Filter>
    </ClInclude>
    <ClInclude Include="Engine\graphics\h\Offscreen\RenderTexture.h">
      <Filter>ヘッダーファイル\Engine\graphics\h\Offscreen</Filter>
    </ClInclude>
    <ClInclude Include="Engine\graphics\h\ImGui\ImguiControl.h">
      <Filter>ヘッダーファイル\Engine\graphics\h\ImGui</Filter>
    </ClInclude>
    <ClInclude Include="Engine\graphics\h\Effect\BloomEffect.h">
      <Filter>ヘッダーファイル\Engine\graphics\h\Effect</Filter>
    </ClInclude>
    <ClInclude Include="Engine\game\h\Util\AnimationStateMachine.h">
      <Filter>ヘッダーファイル\Engine\game\h\Util</Filter>
    </ClInclude>
    <ClInclude Include="Engine\game\h\Core\Time\Sequencer.h">
      <Filter>ヘッダーファイル\Engine\game\h\Core\Time</Filter>
    </ClInclude>
    <ClInclude Include="Engine\graphics\h\Effect\OutlineEffect.h">
      <Filter>ヘッダーファイル\Engine\graphics\h\Effect</Filter>
    </ClInclude>
    <ClInclude Include="Engine\game\h\Effect\BezierSpline.h">
      <Filter>ヘッダーファイル\Engine\game\h\Effect</Filter>
    </ClInclude>
    <ClInclude Include="Engine\game\h\Effect\InputBuffer.h">
      <Filter>ヘッダーファイル\Engine\game\h\Effect</Filter>
    </ClInclude>
    <ClInclude Include="Engine\game\h\UI\UIButton.h">
      <Filter>ヘッダーファイル\Engine\game\h\UI</Filter>
    </ClInclude>
    <ClInclude Include="Engine\game\h\UI\UIMenu.h">
      <Filter>ヘッダーファイル\Engine\game\h\UI</Filter>
    </ClInclude>
    <ClInclude Include="Engine\game\h\Player\RunData.h">
      <Filter>ヘッダーファイル\Engine\game\h\Player</Filter>
    </ClInclude>
    <ClInclude Include="Engine\game\h\Scene\MapScene.h">
      <Filter>ヘッダーファイル\Engine\game\h\Scene</Filter>
    </ClInclude>
    <ClInclude Include="Engine\game\h\Scene\ShopScene.h">
      <Filter>ヘッダーファイル\Engine\game\h\Scene</Filter>
    </ClInclude>
    <ClInclude Include="Engine\graphics\h\Effect\SSAOEffect.h">
      <Filter>ヘッダーファイル\Engine\graphics\h\Effect</Filter>
    </ClInclude>
    <ClInclude Include="Engine\graphics\h\DebugSystem\DebugProfiler.h">
      <Filter>ヘッダーファイル\Engine\graphics\h\DebugSystem</Filter>
    </ClInclude>
  </ItemGroup>
  <ItemGroup>
    <FxCompile Include="Resources\shaders\object3d\Object3dPS.hlsl">
      <Filter>Shader</Filter>
    </FxCompile>
    <FxCompile Include="Resources\shaders\object3d\Object3dVS.hlsl">
      <Filter>Shader</Filter>
    </FxCompile>
    <FxCompile Include="Resources\shaders\object3d\ShadowVS.hlsl">
      <Filter>Shader</Filter>
    </FxCompile>
    <FxCompile Include="Resources\shaders\Particle\EmitParticle.CS.hlsl">
      <Filter>Shader</Filter>
    </FxCompile>
    <FxCompile Include="Resources\shaders\Particle\Particle.PS.hlsl">
      <Filter>Shader</Filter>
    </FxCompile>
    <FxCompile Include="Resources\shaders\Particle\Particle.VS.hlsl">
      <Filter>Shader</Filter>
    </FxCompile>
    <FxCompile Include="Resources\shaders\cylinder\Cylinder.VS.hlsl">
      <Filter>Shader</Filter>
    </FxCompile>
    <FxCompile Include="Resources\shaders\cylinder\Cylinder.PS.hlsl">
      <Filter>Shader</Filter>
    </FxCompile>
    <FxCompile Include="Resources\shaders\postprocess\VignettePS.hlsl">
      <Filter>Shader</Filter>
    </FxCompile>
    <FxCompile Include="Resources\shaders\ring\Ring.VS.hlsl">
      <Filter>Shader</Filter>
    </FxCompile>
    <FxCompile Include="Resources\shaders\ring\Ring.PS.hlsl">
      <Filter>Shader</Filter>
    </FxCompile>
    <FxCompile Include="Resources\shaders\meshslice\MeshSlice.VS.hlsl">
      <Filter>Shader</Filter>
    </FxCompile>
    <FxCompile Include="Resources\shaders\meshslice\MeshSlice.PS.hlsl">
      <Filter>Shader</Filter>
    </FxCompile>
    <FxCompile Include="Resources\shaders\bladeflash\BladeFlash.VS.hlsl">
      <Filter>Shader</Filter>
    </FxCompile>
    <FxCompile Include="Resources\shaders\bladeflash\BladeFlash.PS.hlsl">
      <Filter>Shader</Filter>
    </FxCompile>
    <FxCompile Include="Resources\shaders\postprocess\SpaceDistortionPS.hlsl">
      <Filter>Shader</Filter>
    </FxCompile>
    <FxCompile Include="Resources\shaders\skinned\SkinnedVS.hlsl">
      <Filter>Shader</Filter>
    </FxCompile>
    <FxCompile Include="Resources\shaders\skinned\SkinningCS.hlsl">
      <Filter>Shader</Filter>
    </FxCompile>
    <FxCompile Include="Resources\shaders\Particle\ParticleUpdate.CS.hlsl">
      <Filter>Shader</Filter>
    </FxCompile>
    <FxCompile Include="Resources\shaders\debug\SkeletonDebugVS.hlsl">
      <Filter>Shader</Filter>
    </FxCompile>
    <FxCompile Include="Resources\shaders\debug\SkeletonDebugPS.hlsl">
      <Filter>Shader</Filter>
    </FxCompile>
    <FxCompile Include="Resources\shaders\postprocess\FullscreenVS.hlsl">
      <Filter>Shader</Filter>
    </FxCompile>
    <FxCompile Include="Resources\shaders\postprocess\GrayscalePS.hlsl">
      <Filter>Shader</Filter>
    </FxCompile>
    <FxCompile Include="Resources\shaders\postprocess\HsvFilterPS.hlsl">
      <Filter>Shader</Filter>
    </FxCompile>
    <FxCompile Include="Resources\shaders\postprocess\KernelFilterPS.hlsl">
      <Filter>Shader</Filter>
    </FxCompile>
    <FxCompile Include="Resources\shaders\postprocess\GaussianFilterPS.hlsl">
      <Filter>Shader</Filter>
    </FxCompile>
    <FxCompile Include="Resources\shaders\postprocess\PrewittEdgePS.hlsl">
      <Filter>Shader</Filter>
    </FxCompile>
    <FxCompile Include="Resources\shaders\postprocess\DepthOutlinePS.hlsl">
      <Filter>Shader</Filter>
    </FxCompile>
    <FxCompile Include="Resources\shaders\postprocess\RadialBlurPS.hlsl">
      <Filter>Shader</Filter>
    </FxCompile>
    <FxCompile Include="Resources\shaders\postprocess\DissolvePS.hlsl">
      <Filter>Shader</Filter>
    </FxCompile>
    <FxCompile Include="Resources\shaders\postprocess\NoisePS.hlsl">
      <Filter>Shader</Filter>
    </FxCompile>
    <FxCompile Include="Resources\shaders\postprocess\BloomBrightPS.hlsl">
      <Filter>Shader</Filter>
    </FxCompile>
    <FxCompile Include="Resources\shaders\postprocess\BloomBlurPS.hlsl">
      <Filter>Shader</Filter>
    </FxCompile>
    <FxCompile Include="Resources\shaders\postprocess\BloomCombinePS.hlsl">
      <Filter>Shader</Filter>
    </FxCompile>
    <FxCompile Include="Resources\shaders\postprocess\NormalCapturePS.hlsl">
      <Filter>Shader</Filter>
    </FxCompile>
    <FxCompile Include="Resources\shaders\postprocess\SSAOPS.hlsl">
      <Filter>Shader</Filter>
    </FxCompile>
    <FxCompile Include="Resources\shaders\postprocess\SSAOBlurPS.hlsl">
      <Filter>Shader</Filter>
    </FxCompile>
    <FxCompile Include="Resources\shaders\postprocess\SSAOApplyPS.hlsl">
      <Filter>Shader</Filter>
    </FxCompile>
  </ItemGroup>
  <ItemGroup>
    <None Include="Resources\shaders\lighting\LightingMode.hlsli">
      <Filter>Shader</Filter>
    </None>
    <None Include="Resources\shaders\object3d\Object3d.hlsli">
      <Filter>Shader</Filter>
    </None>
    <None Include="Resources\shaders\Particle\Particle.hlsli">
      <Filter>Shader</Filter>
    </None>
  </ItemGroup>
</Project>
